
Microsoft Visual Studio Solution File, Format Version 12.00
# Visual Studio Version 17
VisualStudioVersion = 17.11.35312.102
MinimumVisualStudioVersion = 10.0.40219.1
Project("{FAE04EC0-301F-11D3-BF4B-00C04F79EFBC}") = "GunsOfTheOldWest.Ui.Mvc", "GunsOfTheOldWest.Ui.Mvc\GunsOfTheOldWest.Ui.Mvc.csproj", "{746A2059-31A9-4F23-994B-56D9786413C6}"
EndProject
Global
	GlobalSection(SolutionConfigurationPlatforms) = preSolution
		Debug|Any CPU = Debug|Any CPU
		Release|Any CPU = Release|Any CPU
	EndGlobalSection
	GlobalSection(ProjectConfigurationPlatforms) = postSolution
		{746A2059-31A9-4F23-994B-56D9786413C6}.Debug|Any CPU.ActiveCfg = Debug|Any CPU
		{746A2059-31A9-4F23-994B-56D9786413C6}.Debug|Any CPU.Build.0 = Debug|Any CPU
		{746A2059-31A9-4F23-994B-56D9786413C6}.Release|Any CPU.ActiveCfg = Release|Any CPU
		{746A2059-31A9-4F23-994B-56D9786413C6}.Release|Any CPU.Build.0 = Release|Any CPU
	EndGlobalSection
	GlobalSection(SolutionProperties) = preSolution
		HideSolutionNode = FALSE
	EndGlobalSection
	GlobalSection(ExtensibilityGlobals) = postSolution
		SolutionGuid = {D3D98484-B557-438D-A2C6-E61365C3C8B4}
	EndGlobalSection
EndGlobal
